
Microsoft Visual Studio Solution File, Format Version 12.00
# Visual Studio Version 17
VisualStudioVersion = 17.5.33530.505
MinimumVisualStudioVersion = 10.0.40219.1
Project("{FAE04EC0-301F-11D3-BF4B-00C04F79EFBC}") = "DividendsHelper.Core", "core\DividendsHelper.Core.csproj", "{7FA6B1A5-9EF5-42D2-9897-A6AA6F613181}"
EndProject
Project("{FAE04EC0-301F-11D3-BF4B-00C04F79EFBC}") = "DividendsHelper.Models", "models\DividendsHelper.Models.csproj", "{37A13166-A7CE-424F-BC6D-318D52660BF2}"
EndProject
Project("{FAE04EC0-301F-11D3-BF4B-00C04F79EFBC}") = "DividendsHelper.Telegram", "telegram\DividendsHelper.Telegram\DividendsHelper.Telegram.csproj", "{50FCA1A3-EF97-4AFD-8258-A62252D419D2}"
EndProject
Global
	GlobalSection(SolutionConfigurationPlatforms) = preSolution
		Debug|Any CPU = Debug|Any CPU
		Release|Any CPU = Release|Any CPU
	EndGlobalSection
	GlobalSection(ProjectConfigurationPlatforms) = postSolution
		{7FA6B1A5-9EF5-42D2-9897-A6AA6F613181}.Debug|Any CPU.ActiveCfg = Debug|Any CPU
		{7FA6B1A5-9EF5-42D2-9897-A6AA6F613181}.Debug|Any CPU.Build.0 = Debug|Any CPU
		{7FA6B1A5-9EF5-42D2-9897-A6AA6F613181}.Release|Any CPU.ActiveCfg = Release|Any CPU
		{7FA6B1A5-9EF5-42D2-9897-A6AA6F613181}.Release|Any CPU.Build.0 = Release|Any CPU
		{37A13166-A7CE-424F-BC6D-318D52660BF2}.Debug|Any CPU.ActiveCfg = Debug|Any CPU
		{37A13166-A7CE-424F-BC6D-318D52660BF2}.Debug|Any CPU.Build.0 = Debug|Any CPU
		{37A13166-A7CE-424F-BC6D-318D52660BF2}.Release|Any CPU.ActiveCfg = Release|Any CPU
		{37A13166-A7CE-424F-BC6D-318D52660BF2}.Release|Any CPU.Build.0 = Release|Any CPU
		{50FCA1A3-EF97-4AFD-8258-A62252D419D2}.Debug|Any CPU.ActiveCfg = Debug|Any CPU
		{50FCA1A3-EF97-4AFD-8258-A62252D419D2}.Debug|Any CPU.Build.0 = Debug|Any CPU
		{50FCA1A3-EF97-4AFD-8258-A62252D419D2}.Release|Any CPU.ActiveCfg = Release|Any CPU
		{50FCA1A3-EF97-4AFD-8258-A62252D419D2}.Release|Any CPU.Build.0 = Release|Any CPU
	EndGlobalSection
	GlobalSection(SolutionProperties) = preSolution
		HideSolutionNode = FALSE
	EndGlobalSection
	GlobalSection(ExtensibilityGlobals) = postSolution
		SolutionGuid = {219C2067-5DF3-454D-9A4E-43CC2C81A6F4}
	EndGlobalSection
EndGlobal
